PODS:
  - DawnKit (1.0.2):
    - DawnKit/DawnExtensions (= 1.0.2)
    - DawnKit/DawnUI (= 1.0.2)
  - DawnKit/DawnExtensions (1.0.2)
  - DawnKit/DawnUI (1.0.2):
    - DawnKit/DawnExtensions
  - DawnTransition (1.0.2)

DEPENDENCIES:
  - DawnKit
  - DawnTransition (from `../`)

SPEC REPOS:
  trunk:
    - DawnKit

EXTERNAL SOURCES:
  DawnTransition:
    :path: "../"

SPEC CHECKSUMS:
  DawnKit: 24c68842c81e4ec25b31d33852fff98cc1bbb503
  DawnTransition: d097cf590fbd965bf448491625956dbb0736f0c5

PODFILE CHECKSUM: 3284419e6fe9717a35c19b9226f60921ec55286f

COCOAPODS: 1.11.3
