// !$*UTF8*$!
{
	archiveVersion = 1;
	classes = {
	};
	objectVersion = 46;
	objects = {

/* Begin PBXBuildFile section */
<<<<<<< cd4f779617c3ad0b92352922f4baaa56663e26bc
		54852904370766C38D29EEE8 /* libPods-DownJacketSearchBarDemoUITests.a in Frameworks */ = {isa = PBXBuildFile; fileRef = D9BD74110D7018C20C8B0690 /* libPods-DownJacketSearchBarDemoUITests.a */; };
=======
>>>>>>> update
		6148EF9E1DD58EBE00E2A86D /* main.m in Sources */ = {isa = PBXBuildFile; fileRef = 6148EF9D1DD58EBE00E2A86D /* main.m */; };
		6148EFA11DD58EBE00E2A86D /* AppDelegate.m in Sources */ = {isa = PBXBuildFile; fileRef = 6148EFA01DD58EBE00E2A86D /* AppDelegate.m */; };
		6148EFA41DD58EBE00E2A86D /* ViewController.m in Sources */ = {isa = PBXBuildFile; fileRef = 6148EFA31DD58EBE00E2A86D /* ViewController.m */; };
		6148EFA71DD58EBE00E2A86D /* Main.storyboard in Resources */ = {isa = PBXBuildFile; fileRef = 6148EFA51DD58EBE00E2A86D /* Main.storyboard */; };
		6148EFA91DD58EBE00E2A86D /* Assets.xcassets in Resources */ = {isa = PBXBuildFile; fileRef = 6148EFA81DD58EBE00E2A86D /* Assets.xcassets */; };
		6148EFAC1DD58EBE00E2A86D /* LaunchScreen.storyboard in Resources */ = {isa = PBXBuildFile; fileRef = 6148EFAA1DD58EBE00E2A86D /* LaunchScreen.storyboard */; };
		6148EFB71DD58EBE00E2A86D /* DownJacketSearchBarDemoTests.m in Sources */ = {isa = PBXBuildFile; fileRef = 6148EFB61DD58EBE00E2A86D /* DownJacketSearchBarDemoTests.m */; };
		6148EFC21DD58EBE00E2A86D /* DownJacketSearchBarDemoUITests.m in Sources */ = {isa = PBXBuildFile; fileRef = 6148EFC11DD58EBE00E2A86D /* DownJacketSearchBarDemoUITests.m */; };
		6148EFD61DD58F8D00E2A86D /* DownJacketSearchBar.m in Sources */ = {isa = PBXBuildFile; fileRef = 6148EFD11DD58F8D00E2A86D /* DownJacketSearchBar.m */; };
		6148EFD71DD58F8D00E2A86D /* UITextField+DownJacketDeleteBackward.m in Sources */ = {isa = PBXBuildFile; fileRef = 6148EFD31DD58F8D00E2A86D /* UITextField+DownJacketDeleteBackward.m */; };
		6148EFD81DD58F8D00E2A86D /* UIView+DownJacketLayout.m in Sources */ = {isa = PBXBuildFile; fileRef = 6148EFD51DD58F8D00E2A86D /* UIView+DownJacketLayout.m */; };
<<<<<<< cd4f779617c3ad0b92352922f4baaa56663e26bc
		6E55CABCDAC5CB384A6AAA48 /* libPods-DownJacketSearchBarDemoTests.a in Frameworks */ = {isa = PBXBuildFile; fileRef = 60B773912363B3A5F7673699 /* libPods-DownJacketSearchBarDemoTests.a */; };
		823E15E9FDC133C1A119CB01 /* libPods-DownJacketSearchBarDemo.a in Frameworks */ = {isa = PBXBuildFile; fileRef = 4A409D71749243366D581EEB /* libPods-DownJacketSearchBarDemo.a */; };
=======
>>>>>>> update
/* End PBXBuildFile section */

/* Begin PBXContainerItemProxy section */
		6148EFB31DD58EBE00E2A86D /* PBXContainerItemProxy */ = {
			isa = PBXContainerItemProxy;
			containerPortal = 6148EF911DD58EBE00E2A86D /* Project object */;
			proxyType = 1;
			remoteGlobalIDString = 6148EF981DD58EBE00E2A86D;
			remoteInfo = DownJacketSearchBarDemo;
		};
		6148EFBE1DD58EBE00E2A86D /* PBXContainerItemProxy */ = {
			isa = PBXContainerItemProxy;
			containerPortal = 6148EF911DD58EBE00E2A86D /* Project object */;
			proxyType = 1;
			remoteGlobalIDString = 6148EF981DD58EBE00E2A86D;
			remoteInfo = DownJacketSearchBarDemo;
		};
/* End PBXContainerItemProxy section */

/* Begin PBXFileReference section */
<<<<<<< cd4f779617c3ad0b92352922f4baaa56663e26bc
		075FE73B8712B9C48F714AEE /* Pods-DownJacketSearchBarDemo.debug.xcconfig */ = {isa = PBXFileReference; includeInIndex = 1; lastKnownFileType = text.xcconfig; name = "Pods-DownJacketSearchBarDemo.debug.xcconfig"; path = "Pods/Target Support Files/Pods-DownJacketSearchBarDemo/Pods-DownJacketSearchBarDemo.debug.xcconfig"; sourceTree = "<group>"; };
		4A409D71749243366D581EEB /* libPods-DownJacketSearchBarDemo.a */ = {isa = PBXFileReference; explicitFileType = archive.ar; includeInIndex = 0; path = "libPods-DownJacketSearchBarDemo.a"; sourceTree = BUILT_PRODUCTS_DIR; };
		52076E97B814D9761C695412 /* Pods-DownJacketSearchBarDemoUITests.debug.xcconfig */ = {isa = PBXFileReference; includeInIndex = 1; lastKnownFileType = text.xcconfig; name = "Pods-DownJacketSearchBarDemoUITests.debug.xcconfig"; path = "Pods/Target Support Files/Pods-DownJacketSearchBarDemoUITests/Pods-DownJacketSearchBarDemoUITests.debug.xcconfig"; sourceTree = "<group>"; };
		5B868E7349ED7490815C935C /* Pods-DownJacketSearchBarDemoTests.release.xcconfig */ = {isa = PBXFileReference; includeInIndex = 1; lastKnownFileType = text.xcconfig; name = "Pods-DownJacketSearchBarDemoTests.release.xcconfig"; path = "Pods/Target Support Files/Pods-DownJacketSearchBarDemoTests/Pods-DownJacketSearchBarDemoTests.release.xcconfig"; sourceTree = "<group>"; };
		60B773912363B3A5F7673699 /* libPods-DownJacketSearchBarDemoTests.a */ = {isa = PBXFileReference; explicitFileType = archive.ar; includeInIndex = 0; path = "libPods-DownJacketSearchBarDemoTests.a"; sourceTree = BUILT_PRODUCTS_DIR; };
=======
>>>>>>> update
		6148EF991DD58EBE00E2A86D /* DownJacketSearchBarDemo.app */ = {isa = PBXFileReference; explicitFileType = wrapper.application; includeInIndex = 0; path = DownJacketSearchBarDemo.app; sourceTree = BUILT_PRODUCTS_DIR; };
		6148EF9D1DD58EBE00E2A86D /* main.m */ = {isa = PBXFileReference; lastKnownFileType = sourcecode.c.objc; path = main.m; sourceTree = "<group>"; };
		6148EF9F1DD58EBE00E2A86D /* AppDelegate.h */ = {isa = PBXFileReference; lastKnownFileType = sourcecode.c.h; path = AppDelegate.h; sourceTree = "<group>"; };
		6148EFA01DD58EBE00E2A86D /* AppDelegate.m */ = {isa = PBXFileReference; lastKnownFileType = sourcecode.c.objc; path = AppDelegate.m; sourceTree = "<group>"; };
		6148EFA21DD58EBE00E2A86D /* ViewController.h */ = {isa = PBXFileReference; lastKnownFileType = sourcecode.c.h; path = ViewController.h; sourceTree = "<group>"; };
		6148EFA31DD58EBE00E2A86D /* ViewController.m */ = {isa = PBXFileReference; lastKnownFileType = sourcecode.c.objc; path = ViewController.m; sourceTree = "<group>"; };
		6148EFA61DD58EBE00E2A86D /* Base */ = {isa = PBXFileReference; lastKnownFileType = file.storyboard; name = Base; path = Base.lproj/Main.storyboard; sourceTree = "<group>"; };
		6148EFA81DD58EBE00E2A86D /* Assets.xcassets */ = {isa = PBXFileReference; lastKnownFileType = folder.assetcatalog; path = Assets.xcassets; sourceTree = "<group>"; };
		6148EFAB1DD58EBE00E2A86D /* Base */ = {isa = PBXFileReference; lastKnownFileType = file.storyboard; name = Base; path = Base.lproj/LaunchScreen.storyboard; sourceTree = "<group>"; };
		6148EFAD1DD58EBE00E2A86D /* Info.plist */ = {isa = PBXFileReference; lastKnownFileType = text.plist.xml; path = Info.plist; sourceTree = "<group>"; };
		6148EFB21DD58EBE00E2A86D /* DownJacketSearchBarDemoTests.xctest */ = {isa = PBXFileReference; explicitFileType = wrapper.cfbundle; includeInIndex = 0; path = DownJacketSearchBarDemoTests.xctest; sourceTree = BUILT_PRODUCTS_DIR; };
		6148EFB61DD58EBE00E2A86D /* DownJacketSearchBarDemoTests.m */ = {isa = PBXFileReference; lastKnownFileType = sourcecode.c.objc; path = DownJacketSearchBarDemoTests.m; sourceTree = "<group>"; };
		6148EFB81DD58EBE00E2A86D /* Info.plist */ = {isa = PBXFileReference; lastKnownFileType = text.plist.xml; path = Info.plist; sourceTree = "<group>"; };
		6148EFBD1DD58EBE00E2A86D /* DownJacketSearchBarDemoUITests.xctest */ = {isa = PBXFileReference; explicitFileType = wrapper.cfbundle; includeInIndex = 0; path = DownJacketSearchBarDemoUITests.xctest; sourceTree = BUILT_PRODUCTS_DIR; };
		6148EFC11DD58EBE00E2A86D /* DownJacketSearchBarDemoUITests.m */ = {isa = PBXFileReference; lastKnownFileType = sourcecode.c.objc; path = DownJacketSearchBarDemoUITests.m; sourceTree = "<group>"; };
		6148EFC31DD58EBE00E2A86D /* Info.plist */ = {isa = PBXFileReference; lastKnownFileType = text.plist.xml; path = Info.plist; sourceTree = "<group>"; };
		6148EFD01DD58F8D00E2A86D /* DownJacketSearchBar.h */ = {isa = PBXFileReference; fileEncoding = 4; lastKnownFileType = sourcecode.c.h; path = DownJacketSearchBar.h; sourceTree = "<group>"; };
		6148EFD11DD58F8D00E2A86D /* DownJacketSearchBar.m */ = {isa = PBXFileReference; fileEncoding = 4; lastKnownFileType = sourcecode.c.objc; path = DownJacketSearchBar.m; sourceTree = "<group>"; };
		6148EFD21DD58F8D00E2A86D /* UITextField+DownJacketDeleteBackward.h */ = {isa = PBXFileReference; fileEncoding = 4; lastKnownFileType = sourcecode.c.h; path = "UITextField+DownJacketDeleteBackward.h"; sourceTree = "<group>"; };
		6148EFD31DD58F8D00E2A86D /* UITextField+DownJacketDeleteBackward.m */ = {isa = PBXFileReference; fileEncoding = 4; lastKnownFileType = sourcecode.c.objc; path = "UITextField+DownJacketDeleteBackward.m"; sourceTree = "<group>"; };
		6148EFD41DD58F8D00E2A86D /* UIView+DownJacketLayout.h */ = {isa = PBXFileReference; fileEncoding = 4; lastKnownFileType = sourcecode.c.h; path = "UIView+DownJacketLayout.h"; sourceTree = "<group>"; };
		6148EFD51DD58F8D00E2A86D /* UIView+DownJacketLayout.m */ = {isa = PBXFileReference; fileEncoding = 4; lastKnownFileType = sourcecode.c.objc; path = "UIView+DownJacketLayout.m"; sourceTree = "<group>"; };
<<<<<<< cd4f779617c3ad0b92352922f4baaa56663e26bc
		71086B612380A419D788E133 /* Pods-DownJacketSearchBarDemo.release.xcconfig */ = {isa = PBXFileReference; includeInIndex = 1; lastKnownFileType = text.xcconfig; name = "Pods-DownJacketSearchBarDemo.release.xcconfig"; path = "Pods/Target Support Files/Pods-DownJacketSearchBarDemo/Pods-DownJacketSearchBarDemo.release.xcconfig"; sourceTree = "<group>"; };
		7F673901E4AEB74BF43AB6AB /* Pods-DownJacketSearchBarDemoUITests.release.xcconfig */ = {isa = PBXFileReference; includeInIndex = 1; lastKnownFileType = text.xcconfig; name = "Pods-DownJacketSearchBarDemoUITests.release.xcconfig"; path = "Pods/Target Support Files/Pods-DownJacketSearchBarDemoUITests/Pods-DownJacketSearchBarDemoUITests.release.xcconfig"; sourceTree = "<group>"; };
		A9D8647321DC69EB6B6F4391 /* Pods-DownJacketSearchBarDemoTests.debug.xcconfig */ = {isa = PBXFileReference; includeInIndex = 1; lastKnownFileType = text.xcconfig; name = "Pods-DownJacketSearchBarDemoTests.debug.xcconfig"; path = "Pods/Target Support Files/Pods-DownJacketSearchBarDemoTests/Pods-DownJacketSearchBarDemoTests.debug.xcconfig"; sourceTree = "<group>"; };
		D9BD74110D7018C20C8B0690 /* libPods-DownJacketSearchBarDemoUITests.a */ = {isa = PBXFileReference; explicitFileType = archive.ar; includeInIndex = 0; path = "libPods-DownJacketSearchBarDemoUITests.a"; sourceTree = BUILT_PRODUCTS_DIR; };
=======
>>>>>>> update
/* End PBXFileReference section */

/* Begin PBXFrameworksBuildPhase section */
		6148EF961DD58EBE00E2A86D /* Frameworks */ = {
			isa = PBXFrameworksBuildPhase;
			buildActionMask = 2147483647;
			files = (
<<<<<<< cd4f779617c3ad0b92352922f4baaa56663e26bc
				823E15E9FDC133C1A119CB01 /* libPods-DownJacketSearchBarDemo.a in Frameworks */,
=======
>>>>>>> update
			);
			runOnlyForDeploymentPostprocessing = 0;
		};
		6148EFAF1DD58EBE00E2A86D /* Frameworks */ = {
			isa = PBXFrameworksBuildPhase;
			buildActionMask = 2147483647;
			files = (
<<<<<<< cd4f779617c3ad0b92352922f4baaa56663e26bc
				6E55CABCDAC5CB384A6AAA48 /* libPods-DownJacketSearchBarDemoTests.a in Frameworks */,
=======
>>>>>>> update
			);
			runOnlyForDeploymentPostprocessing = 0;
		};
		6148EFBA1DD58EBE00E2A86D /* Frameworks */ = {
			isa = PBXFrameworksBuildPhase;
			buildActionMask = 2147483647;
			files = (
<<<<<<< cd4f779617c3ad0b92352922f4baaa56663e26bc
				54852904370766C38D29EEE8 /* libPods-DownJacketSearchBarDemoUITests.a in Frameworks */,
=======
>>>>>>> update
			);
			runOnlyForDeploymentPostprocessing = 0;
		};
/* End PBXFrameworksBuildPhase section */

/* Begin PBXGroup section */
		6148EF901DD58EBE00E2A86D = {
			isa = PBXGroup;
			children = (
				6148EFCF1DD58F8D00E2A86D /* DownJacketSearchBar */,
				6148EF9B1DD58EBE00E2A86D /* DownJacketSearchBarDemo */,
				6148EFB51DD58EBE00E2A86D /* DownJacketSearchBarDemoTests */,
				6148EFC01DD58EBE00E2A86D /* DownJacketSearchBarDemoUITests */,
				6148EF9A1DD58EBE00E2A86D /* Products */,
<<<<<<< cd4f779617c3ad0b92352922f4baaa56663e26bc
				CD9041DC5EB86B87E71165F9 /* Pods */,
				A58DFD2FB956E938B5CAA158 /* Frameworks */,
=======
>>>>>>> update
			);
			sourceTree = "<group>";
		};
		6148EF9A1DD58EBE00E2A86D /* Products */ = {
			isa = PBXGroup;
			children = (
				6148EF991DD58EBE00E2A86D /* DownJacketSearchBarDemo.app */,
				6148EFB21DD58EBE00E2A86D /* DownJacketSearchBarDemoTests.xctest */,
				6148EFBD1DD58EBE00E2A86D /* DownJacketSearchBarDemoUITests.xctest */,
			);
			name = Products;
			sourceTree = "<group>";
		};
		6148EF9B1DD58EBE00E2A86D /* DownJacketSearchBarDemo */ = {
			isa = PBXGroup;
			children = (
				6148EF9F1DD58EBE00E2A86D /* AppDelegate.h */,
				6148EFA01DD58EBE00E2A86D /* AppDelegate.m */,
				6148EFA21DD58EBE00E2A86D /* ViewController.h */,
				6148EFA31DD58EBE00E2A86D /* ViewController.m */,
				6148EFA51DD58EBE00E2A86D /* Main.storyboard */,
				6148EFA81DD58EBE00E2A86D /* Assets.xcassets */,
				6148EFAA1DD58EBE00E2A86D /* LaunchScreen.storyboard */,
				6148EFAD1DD58EBE00E2A86D /* Info.plist */,
				6148EF9C1DD58EBE00E2A86D /* Supporting Files */,
			);
			path = DownJacketSearchBarDemo;
			sourceTree = "<group>";
		};
		6148EF9C1DD58EBE00E2A86D /* Supporting Files */ = {
			isa = PBXGroup;
			children = (
				6148EF9D1DD58EBE00E2A86D /* main.m */,
			);
			name = "Supporting Files";
			sourceTree = "<group>";
		};
		6148EFB51DD58EBE00E2A86D /* DownJacketSearchBarDemoTests */ = {
			isa = PBXGroup;
			children = (
				6148EFB61DD58EBE00E2A86D /* DownJacketSearchBarDemoTests.m */,
				6148EFB81DD58EBE00E2A86D /* Info.plist */,
			);
			path = DownJacketSearchBarDemoTests;
			sourceTree = "<group>";
		};
		6148EFC01DD58EBE00E2A86D /* DownJacketSearchBarDemoUITests */ = {
			isa = PBXGroup;
			children = (
				6148EFC11DD58EBE00E2A86D /* DownJacketSearchBarDemoUITests.m */,
				6148EFC31DD58EBE00E2A86D /* Info.plist */,
			);
			path = DownJacketSearchBarDemoUITests;
			sourceTree = "<group>";
		};
		6148EFCF1DD58F8D00E2A86D /* DownJacketSearchBar */ = {
			isa = PBXGroup;
			children = (
				6148EFD01DD58F8D00E2A86D /* DownJacketSearchBar.h */,
				6148EFD11DD58F8D00E2A86D /* DownJacketSearchBar.m */,
				6148EFD21DD58F8D00E2A86D /* UITextField+DownJacketDeleteBackward.h */,
				6148EFD31DD58F8D00E2A86D /* UITextField+DownJacketDeleteBackward.m */,
				6148EFD41DD58F8D00E2A86D /* UIView+DownJacketLayout.h */,
				6148EFD51DD58F8D00E2A86D /* UIView+DownJacketLayout.m */,
			);
			path = DownJacketSearchBar;
			sourceTree = "<group>";
		};
<<<<<<< cd4f779617c3ad0b92352922f4baaa56663e26bc
		A58DFD2FB956E938B5CAA158 /* Frameworks */ = {
			isa = PBXGroup;
			children = (
				4A409D71749243366D581EEB /* libPods-DownJacketSearchBarDemo.a */,
				60B773912363B3A5F7673699 /* libPods-DownJacketSearchBarDemoTests.a */,
				D9BD74110D7018C20C8B0690 /* libPods-DownJacketSearchBarDemoUITests.a */,
			);
			name = Frameworks;
			sourceTree = "<group>";
		};
		CD9041DC5EB86B87E71165F9 /* Pods */ = {
			isa = PBXGroup;
			children = (
				075FE73B8712B9C48F714AEE /* Pods-DownJacketSearchBarDemo.debug.xcconfig */,
				71086B612380A419D788E133 /* Pods-DownJacketSearchBarDemo.release.xcconfig */,
				A9D8647321DC69EB6B6F4391 /* Pods-DownJacketSearchBarDemoTests.debug.xcconfig */,
				5B868E7349ED7490815C935C /* Pods-DownJacketSearchBarDemoTests.release.xcconfig */,
				52076E97B814D9761C695412 /* Pods-DownJacketSearchBarDemoUITests.debug.xcconfig */,
				7F673901E4AEB74BF43AB6AB /* Pods-DownJacketSearchBarDemoUITests.release.xcconfig */,
			);
			name = Pods;
			sourceTree = "<group>";
		};
=======
>>>>>>> update
/* End PBXGroup section */

/* Begin PBXNativeTarget section */
		6148EF981DD58EBE00E2A86D /* DownJacketSearchBarDemo */ = {
			isa = PBXNativeTarget;
			buildConfigurationList = 6148EFC61DD58EBE00E2A86D /* Build configuration list for PBXNativeTarget "DownJacketSearchBarDemo" */;
			buildPhases = (
<<<<<<< cd4f779617c3ad0b92352922f4baaa56663e26bc
				2889AD2B28F7FF70C200BD46 /* [CP] Check Pods Manifest.lock */,
				6148EF951DD58EBE00E2A86D /* Sources */,
				6148EF961DD58EBE00E2A86D /* Frameworks */,
				6148EF971DD58EBE00E2A86D /* Resources */,
				FE1415C0FD7ECEEE0E36DED2 /* [CP] Embed Pods Frameworks */,
				EA6A9AA541507EBD681AFFB6 /* [CP] Copy Pods Resources */,
=======
				6148EF951DD58EBE00E2A86D /* Sources */,
				6148EF961DD58EBE00E2A86D /* Frameworks */,
				6148EF971DD58EBE00E2A86D /* Resources */,
>>>>>>> update
			);
			buildRules = (
			);
			dependencies = (
			);
			name = DownJacketSearchBarDemo;
			productName = DownJacketSearchBarDemo;
			productReference = 6148EF991DD58EBE00E2A86D /* DownJacketSearchBarDemo.app */;
			productType = "com.apple.product-type.application";
		};
		6148EFB11DD58EBE00E2A86D /* DownJacketSearchBarDemoTests */ = {
			isa = PBXNativeTarget;
			buildConfigurationList = 6148EFC91DD58EBE00E2A86D /* Build configuration list for PBXNativeTarget "DownJacketSearchBarDemoTests" */;
			buildPhases = (
<<<<<<< cd4f779617c3ad0b92352922f4baaa56663e26bc
				9FFA992C5092C05E5BC85F7E /* [CP] Check Pods Manifest.lock */,
				6148EFAE1DD58EBE00E2A86D /* Sources */,
				6148EFAF1DD58EBE00E2A86D /* Frameworks */,
				6148EFB01DD58EBE00E2A86D /* Resources */,
				74D8A2EC92838742987CE587 /* [CP] Embed Pods Frameworks */,
				4492843C44DD1FB69BAB2E1A /* [CP] Copy Pods Resources */,
=======
				6148EFAE1DD58EBE00E2A86D /* Sources */,
				6148EFAF1DD58EBE00E2A86D /* Frameworks */,
				6148EFB01DD58EBE00E2A86D /* Resources */,
>>>>>>> update
			);
			buildRules = (
			);
			dependencies = (
				6148EFB41DD58EBE00E2A86D /* PBXTargetDependency */,
			);
			name = DownJacketSearchBarDemoTests;
			productName = DownJacketSearchBarDemoTests;
			productReference = 6148EFB21DD58EBE00E2A86D /* DownJacketSearchBarDemoTests.xctest */;
			productType = "com.apple.product-type.bundle.unit-test";
		};
		6148EFBC1DD58EBE00E2A86D /* DownJacketSearchBarDemoUITests */ = {
			isa = PBXNativeTarget;
			buildConfigurationList = 6148EFCC1DD58EBE00E2A86D /* Build configuration list for PBXNativeTarget "DownJacketSearchBarDemoUITests" */;
			buildPhases = (
<<<<<<< cd4f779617c3ad0b92352922f4baaa56663e26bc
				7703D8CBB23C6AD6053DA820 /* [CP] Check Pods Manifest.lock */,
				6148EFB91DD58EBE00E2A86D /* Sources */,
				6148EFBA1DD58EBE00E2A86D /* Frameworks */,
				6148EFBB1DD58EBE00E2A86D /* Resources */,
				A2A5BB5E591C9D44BFBC4CCE /* [CP] Embed Pods Frameworks */,
				722652D22AC5ABA7DA1A2E30 /* [CP] Copy Pods Resources */,
=======
				6148EFB91DD58EBE00E2A86D /* Sources */,
				6148EFBA1DD58EBE00E2A86D /* Frameworks */,
				6148EFBB1DD58EBE00E2A86D /* Resources */,
>>>>>>> update
			);
			buildRules = (
			);
			dependencies = (
				6148EFBF1DD58EBE00E2A86D /* PBXTargetDependency */,
			);
			name = DownJacketSearchBarDemoUITests;
			productName = DownJacketSearchBarDemoUITests;
			productReference = 6148EFBD1DD58EBE00E2A86D /* DownJacketSearchBarDemoUITests.xctest */;
			productType = "com.apple.product-type.bundle.ui-testing";
		};
/* End PBXNativeTarget section */

/* Begin PBXProject section */
		6148EF911DD58EBE00E2A86D /* Project object */ = {
			isa = PBXProject;
			attributes = {
				LastUpgradeCheck = 0730;
				ORGANIZATIONNAME = zhanghao;
				TargetAttributes = {
					6148EF981DD58EBE00E2A86D = {
						CreatedOnToolsVersion = 7.3;
<<<<<<< cd4f779617c3ad0b92352922f4baaa56663e26bc
=======
						DevelopmentTeam = XPMXP6URKM;
>>>>>>> update
					};
					6148EFB11DD58EBE00E2A86D = {
						CreatedOnToolsVersion = 7.3;
						TestTargetID = 6148EF981DD58EBE00E2A86D;
					};
					6148EFBC1DD58EBE00E2A86D = {
						CreatedOnToolsVersion = 7.3;
						TestTargetID = 6148EF981DD58EBE00E2A86D;
					};
				};
			};
			buildConfigurationList = 6148EF941DD58EBE00E2A86D /* Build configuration list for PBXProject "DownJacketSearchBarDemo" */;
			compatibilityVersion = "Xcode 3.2";
			developmentRegion = English;
			hasScannedForEncodings = 0;
			knownRegions = (
				en,
				Base,
			);
			mainGroup = 6148EF901DD58EBE00E2A86D;
			productRefGroup = 6148EF9A1DD58EBE00E2A86D /* Products */;
			projectDirPath = "";
			projectRoot = "";
			targets = (
				6148EF981DD58EBE00E2A86D /* DownJacketSearchBarDemo */,
				6148EFB11DD58EBE00E2A86D /* DownJacketSearchBarDemoTests */,
				6148EFBC1DD58EBE00E2A86D /* DownJacketSearchBarDemoUITests */,
			);
		};
/* End PBXProject section */

/* Begin PBXResourcesBuildPhase section */
		6148EF971DD58EBE00E2A86D /* Resources */ = {
			isa = PBXResourcesBuildPhase;
			buildActionMask = 2147483647;
			files = (
				6148EFAC1DD58EBE00E2A86D /* LaunchScreen.storyboard in Resources */,
				6148EFA91DD58EBE00E2A86D /* Assets.xcassets in Resources */,
				6148EFA71DD58EBE00E2A86D /* Main.storyboard in Resources */,
			);
			runOnlyForDeploymentPostprocessing = 0;
		};
		6148EFB01DD58EBE00E2A86D /* Resources */ = {
			isa = PBXResourcesBuildPhase;
			buildActionMask = 2147483647;
			files = (
			);
			runOnlyForDeploymentPostprocessing = 0;
		};
		6148EFBB1DD58EBE00E2A86D /* Resources */ = {
			isa = PBXResourcesBuildPhase;
			buildActionMask = 2147483647;
			files = (
			);
			runOnlyForDeploymentPostprocessing = 0;
		};
/* End PBXResourcesBuildPhase section */

<<<<<<< cd4f779617c3ad0b92352922f4baaa56663e26bc
/* Begin PBXShellScriptBuildPhase section */
		2889AD2B28F7FF70C200BD46 /* [CP] Check Pods Manifest.lock */ = {
			isa = PBXShellScriptBuildPhase;
			buildActionMask = 2147483647;
			files = (
			);
			inputPaths = (
			);
			name = "[CP] Check Pods Manifest.lock";
			outputPaths = (
			);
			runOnlyForDeploymentPostprocessing = 0;
			shellPath = /bin/sh;
			shellScript = "diff \"${PODS_ROOT}/../Podfile.lock\" \"${PODS_ROOT}/Manifest.lock\" > /dev/null\nif [ $? != 0 ] ; then\n    # print error to STDERR\n    echo \"error: The sandbox is not in sync with the Podfile.lock. Run 'pod install' or update your CocoaPods installation.\" >&2\n    exit 1\nfi\n";
			showEnvVarsInLog = 0;
		};
		4492843C44DD1FB69BAB2E1A /* [CP] Copy Pods Resources */ = {
			isa = PBXShellScriptBuildPhase;
			buildActionMask = 2147483647;
			files = (
			);
			inputPaths = (
			);
			name = "[CP] Copy Pods Resources";
			outputPaths = (
			);
			runOnlyForDeploymentPostprocessing = 0;
			shellPath = /bin/sh;
			shellScript = "\"${SRCROOT}/Pods/Target Support Files/Pods-DownJacketSearchBarDemoTests/Pods-DownJacketSearchBarDemoTests-resources.sh\"\n";
			showEnvVarsInLog = 0;
		};
		722652D22AC5ABA7DA1A2E30 /* [CP] Copy Pods Resources */ = {
			isa = PBXShellScriptBuildPhase;
			buildActionMask = 2147483647;
			files = (
			);
			inputPaths = (
			);
			name = "[CP] Copy Pods Resources";
			outputPaths = (
			);
			runOnlyForDeploymentPostprocessing = 0;
			shellPath = /bin/sh;
			shellScript = "\"${SRCROOT}/Pods/Target Support Files/Pods-DownJacketSearchBarDemoUITests/Pods-DownJacketSearchBarDemoUITests-resources.sh\"\n";
			showEnvVarsInLog = 0;
		};
		74D8A2EC92838742987CE587 /* [CP] Embed Pods Frameworks */ = {
			isa = PBXShellScriptBuildPhase;
			buildActionMask = 2147483647;
			files = (
			);
			inputPaths = (
			);
			name = "[CP] Embed Pods Frameworks";
			outputPaths = (
			);
			runOnlyForDeploymentPostprocessing = 0;
			shellPath = /bin/sh;
			shellScript = "\"${SRCROOT}/Pods/Target Support Files/Pods-DownJacketSearchBarDemoTests/Pods-DownJacketSearchBarDemoTests-frameworks.sh\"\n";
			showEnvVarsInLog = 0;
		};
		7703D8CBB23C6AD6053DA820 /* [CP] Check Pods Manifest.lock */ = {
			isa = PBXShellScriptBuildPhase;
			buildActionMask = 2147483647;
			files = (
			);
			inputPaths = (
			);
			name = "[CP] Check Pods Manifest.lock";
			outputPaths = (
			);
			runOnlyForDeploymentPostprocessing = 0;
			shellPath = /bin/sh;
			shellScript = "diff \"${PODS_ROOT}/../Podfile.lock\" \"${PODS_ROOT}/Manifest.lock\" > /dev/null\nif [ $? != 0 ] ; then\n    # print error to STDERR\n    echo \"error: The sandbox is not in sync with the Podfile.lock. Run 'pod install' or update your CocoaPods installation.\" >&2\n    exit 1\nfi\n";
			showEnvVarsInLog = 0;
		};
		9FFA992C5092C05E5BC85F7E /* [CP] Check Pods Manifest.lock */ = {
			isa = PBXShellScriptBuildPhase;
			buildActionMask = 2147483647;
			files = (
			);
			inputPaths = (
			);
			name = "[CP] Check Pods Manifest.lock";
			outputPaths = (
			);
			runOnlyForDeploymentPostprocessing = 0;
			shellPath = /bin/sh;
			shellScript = "diff \"${PODS_ROOT}/../Podfile.lock\" \"${PODS_ROOT}/Manifest.lock\" > /dev/null\nif [ $? != 0 ] ; then\n    # print error to STDERR\n    echo \"error: The sandbox is not in sync with the Podfile.lock. Run 'pod install' or update your CocoaPods installation.\" >&2\n    exit 1\nfi\n";
			showEnvVarsInLog = 0;
		};
		A2A5BB5E591C9D44BFBC4CCE /* [CP] Embed Pods Frameworks */ = {
			isa = PBXShellScriptBuildPhase;
			buildActionMask = 2147483647;
			files = (
			);
			inputPaths = (
			);
			name = "[CP] Embed Pods Frameworks";
			outputPaths = (
			);
			runOnlyForDeploymentPostprocessing = 0;
			shellPath = /bin/sh;
			shellScript = "\"${SRCROOT}/Pods/Target Support Files/Pods-DownJacketSearchBarDemoUITests/Pods-DownJacketSearchBarDemoUITests-frameworks.sh\"\n";
			showEnvVarsInLog = 0;
		};
		EA6A9AA541507EBD681AFFB6 /* [CP] Copy Pods Resources */ = {
			isa = PBXShellScriptBuildPhase;
			buildActionMask = 2147483647;
			files = (
			);
			inputPaths = (
			);
			name = "[CP] Copy Pods Resources";
			outputPaths = (
			);
			runOnlyForDeploymentPostprocessing = 0;
			shellPath = /bin/sh;
			shellScript = "\"${SRCROOT}/Pods/Target Support Files/Pods-DownJacketSearchBarDemo/Pods-DownJacketSearchBarDemo-resources.sh\"\n";
			showEnvVarsInLog = 0;
		};
		FE1415C0FD7ECEEE0E36DED2 /* [CP] Embed Pods Frameworks */ = {
			isa = PBXShellScriptBuildPhase;
			buildActionMask = 2147483647;
			files = (
			);
			inputPaths = (
			);
			name = "[CP] Embed Pods Frameworks";
			outputPaths = (
			);
			runOnlyForDeploymentPostprocessing = 0;
			shellPath = /bin/sh;
			shellScript = "\"${SRCROOT}/Pods/Target Support Files/Pods-DownJacketSearchBarDemo/Pods-DownJacketSearchBarDemo-frameworks.sh\"\n";
			showEnvVarsInLog = 0;
		};
/* End PBXShellScriptBuildPhase section */

=======
>>>>>>> update
/* Begin PBXSourcesBuildPhase section */
		6148EF951DD58EBE00E2A86D /* Sources */ = {
			isa = PBXSourcesBuildPhase;
			buildActionMask = 2147483647;
			files = (
				6148EFA41DD58EBE00E2A86D /* ViewController.m in Sources */,
				6148EFD61DD58F8D00E2A86D /* DownJacketSearchBar.m in Sources */,
				6148EFA11DD58EBE00E2A86D /* AppDelegate.m in Sources */,
				6148EFD71DD58F8D00E2A86D /* UITextField+DownJacketDeleteBackward.m in Sources */,
				6148EFD81DD58F8D00E2A86D /* UIView+DownJacketLayout.m in Sources */,
				6148EF9E1DD58EBE00E2A86D /* main.m in Sources */,
			);
			runOnlyForDeploymentPostprocessing = 0;
		};
		6148EFAE1DD58EBE00E2A86D /* Sources */ = {
			isa = PBXSourcesBuildPhase;
			buildActionMask = 2147483647;
			files = (
				6148EFB71DD58EBE00E2A86D /* DownJacketSearchBarDemoTests.m in Sources */,
			);
			runOnlyForDeploymentPostprocessing = 0;
		};
		6148EFB91DD58EBE00E2A86D /* Sources */ = {
			isa = PBXSourcesBuildPhase;
			buildActionMask = 2147483647;
			files = (
				6148EFC21DD58EBE00E2A86D /* DownJacketSearchBarDemoUITests.m in Sources */,
			);
			runOnlyForDeploymentPostprocessing = 0;
		};
/* End PBXSourcesBuildPhase section */

/* Begin PBXTargetDependency section */
		6148EFB41DD58EBE00E2A86D /* PBXTargetDependency */ = {
			isa = PBXTargetDependency;
			target = 6148EF981DD58EBE00E2A86D /* DownJacketSearchBarDemo */;
			targetProxy = 6148EFB31DD58EBE00E2A86D /* PBXContainerItemProxy */;
		};
		6148EFBF1DD58EBE00E2A86D /* PBXTargetDependency */ = {
			isa = PBXTargetDependency;
			target = 6148EF981DD58EBE00E2A86D /* DownJacketSearchBarDemo */;
			targetProxy = 6148EFBE1DD58EBE00E2A86D /* PBXContainerItemProxy */;
		};
/* End PBXTargetDependency section */

/* Begin PBXVariantGroup section */
		6148EFA51DD58EBE00E2A86D /* Main.storyboard */ = {
			isa = PBXVariantGroup;
			children = (
				6148EFA61DD58EBE00E2A86D /* Base */,
			);
			name = Main.storyboard;
			sourceTree = "<group>";
		};
		6148EFAA1DD58EBE00E2A86D /* LaunchScreen.storyboard */ = {
			isa = PBXVariantGroup;
			children = (
				6148EFAB1DD58EBE00E2A86D /* Base */,
			);
			name = LaunchScreen.storyboard;
			sourceTree = "<group>";
		};
/* End PBXVariantGroup section */

/* Begin XCBuildConfiguration section */
		6148EFC41DD58EBE00E2A86D /* Debug */ = {
			isa = XCBuildConfiguration;
			buildSettings = {
				ALWAYS_SEARCH_USER_PATHS = NO;
				CLANG_ANALYZER_NONNULL = YES;
				CLANG_CXX_LANGUAGE_STANDARD = "gnu++0x";
				CLANG_CXX_LIBRARY = "libc++";
				CLANG_ENABLE_MODULES = YES;
				CLANG_ENABLE_OBJC_ARC = YES;
				CLANG_WARN_BOOL_CONVERSION = YES;
				CLANG_WARN_CONSTANT_CONVERSION = YES;
				CLANG_WARN_DIRECT_OBJC_ISA_USAGE = YES_ERROR;
				CLANG_WARN_EMPTY_BODY = YES;
				CLANG_WARN_ENUM_CONVERSION = YES;
				CLANG_WARN_INT_CONVERSION = YES;
				CLANG_WARN_OBJC_ROOT_CLASS = YES_ERROR;
				CLANG_WARN_UNREACHABLE_CODE = YES;
				CLANG_WARN__DUPLICATE_METHOD_MATCH = YES;
				"CODE_SIGN_IDENTITY[sdk=iphoneos*]" = "iPhone Developer";
				COPY_PHASE_STRIP = NO;
				DEBUG_INFORMATION_FORMAT = dwarf;
				ENABLE_STRICT_OBJC_MSGSEND = YES;
				ENABLE_TESTABILITY = YES;
				GCC_C_LANGUAGE_STANDARD = gnu99;
				GCC_DYNAMIC_NO_PIC = NO;
				GCC_NO_COMMON_BLOCKS = YES;
				GCC_OPTIMIZATION_LEVEL = 0;
				GCC_PREPROCESSOR_DEFINITIONS = (
					"DEBUG=1",
					"$(inherited)",
				);
				GCC_WARN_64_TO_32_BIT_CONVERSION = YES;
				GCC_WARN_ABOUT_RETURN_TYPE = YES_ERROR;
				GCC_WARN_UNDECLARED_SELECTOR = YES;
				GCC_WARN_UNINITIALIZED_AUTOS = YES_AGGRESSIVE;
				GCC_WARN_UNUSED_FUNCTION = YES;
				GCC_WARN_UNUSED_VARIABLE = YES;
				IPHONEOS_DEPLOYMENT_TARGET = 9.3;
				MTL_ENABLE_DEBUG_INFO = YES;
				ONLY_ACTIVE_ARCH = YES;
				SDKROOT = iphoneos;
				TARGETED_DEVICE_FAMILY = "1,2";
			};
			name = Debug;
		};
		6148EFC51DD58EBE00E2A86D /* Release */ = {
			isa = XCBuildConfiguration;
			buildSettings = {
				ALWAYS_SEARCH_USER_PATHS = NO;
				CLANG_ANALYZER_NONNULL = YES;
				CLANG_CXX_LANGUAGE_STANDARD = "gnu++0x";
				CLANG_CXX_LIBRARY = "libc++";
				CLANG_ENABLE_MODULES = YES;
				CLANG_ENABLE_OBJC_ARC = YES;
				CLANG_WARN_BOOL_CONVERSION = YES;
				CLANG_WARN_CONSTANT_CONVERSION = YES;
				CLANG_WARN_DIRECT_OBJC_ISA_USAGE = YES_ERROR;
				CLANG_WARN_EMPTY_BODY = YES;
				CLANG_WARN_ENUM_CONVERSION = YES;
				CLANG_WARN_INT_CONVERSION = YES;
				CLANG_WARN_OBJC_ROOT_CLASS = YES_ERROR;
				CLANG_WARN_UNREACHABLE_CODE = YES;
				CLANG_WARN__DUPLICATE_METHOD_MATCH = YES;
				"CODE_SIGN_IDENTITY[sdk=iphoneos*]" = "iPhone Developer";
				COPY_PHASE_STRIP = NO;
				DEBUG_INFORMATION_FORMAT = "dwarf-with-dsym";
				ENABLE_NS_ASSERTIONS = NO;
				ENABLE_STRICT_OBJC_MSGSEND = YES;
				GCC_C_LANGUAGE_STANDARD = gnu99;
				GCC_NO_COMMON_BLOCKS = YES;
				GCC_WARN_64_TO_32_BIT_CONVERSION = YES;
				GCC_WARN_ABOUT_RETURN_TYPE = YES_ERROR;
				GCC_WARN_UNDECLARED_SELECTOR = YES;
				GCC_WARN_UNINITIALIZED_AUTOS = YES_AGGRESSIVE;
				GCC_WARN_UNUSED_FUNCTION = YES;
				GCC_WARN_UNUSED_VARIABLE = YES;
				IPHONEOS_DEPLOYMENT_TARGET = 9.3;
				MTL_ENABLE_DEBUG_INFO = NO;
				SDKROOT = iphoneos;
				TARGETED_DEVICE_FAMILY = "1,2";
				VALIDATE_PRODUCT = YES;
			};
			name = Release;
		};
		6148EFC71DD58EBE00E2A86D /* Debug */ = {
			isa = XCBuildConfiguration;
<<<<<<< cd4f779617c3ad0b92352922f4baaa56663e26bc
			baseConfigurationReference = 075FE73B8712B9C48F714AEE /* Pods-DownJacketSearchBarDemo.debug.xcconfig */;
			buildSettings = {
				ASSETCATALOG_COMPILER_APPICON_NAME = AppIcon;
				INFOPLIST_FILE = DownJacketSearchBarDemo/Info.plist;
=======
			buildSettings = {
				ASSETCATALOG_COMPILER_APPICON_NAME = AppIcon;
				DEVELOPMENT_TEAM = XPMXP6URKM;
				INFOPLIST_FILE = DownJacketSearchBarDemo/Info.plist;
				IPHONEOS_DEPLOYMENT_TARGET = 7.0;
>>>>>>> update
				LD_RUNPATH_SEARCH_PATHS = "$(inherited) @executable_path/Frameworks";
				PRODUCT_BUNDLE_IDENTIFIER = Zhanghao.DownJacketSearchBarDemo;
				PRODUCT_NAME = "$(TARGET_NAME)";
			};
			name = Debug;
		};
		6148EFC81DD58EBE00E2A86D /* Release */ = {
			isa = XCBuildConfiguration;
<<<<<<< cd4f779617c3ad0b92352922f4baaa56663e26bc
			baseConfigurationReference = 71086B612380A419D788E133 /* Pods-DownJacketSearchBarDemo.release.xcconfig */;
			buildSettings = {
				ASSETCATALOG_COMPILER_APPICON_NAME = AppIcon;
				INFOPLIST_FILE = DownJacketSearchBarDemo/Info.plist;
=======
			buildSettings = {
				ASSETCATALOG_COMPILER_APPICON_NAME = AppIcon;
				DEVELOPMENT_TEAM = XPMXP6URKM;
				INFOPLIST_FILE = DownJacketSearchBarDemo/Info.plist;
				IPHONEOS_DEPLOYMENT_TARGET = 7.0;
>>>>>>> update
				LD_RUNPATH_SEARCH_PATHS = "$(inherited) @executable_path/Frameworks";
				PRODUCT_BUNDLE_IDENTIFIER = Zhanghao.DownJacketSearchBarDemo;
				PRODUCT_NAME = "$(TARGET_NAME)";
			};
			name = Release;
		};
		6148EFCA1DD58EBE00E2A86D /* Debug */ = {
			isa = XCBuildConfiguration;
<<<<<<< cd4f779617c3ad0b92352922f4baaa56663e26bc
			baseConfigurationReference = A9D8647321DC69EB6B6F4391 /* Pods-DownJacketSearchBarDemoTests.debug.xcconfig */;
=======
>>>>>>> update
			buildSettings = {
				BUNDLE_LOADER = "$(TEST_HOST)";
				INFOPLIST_FILE = DownJacketSearchBarDemoTests/Info.plist;
				LD_RUNPATH_SEARCH_PATHS = "$(inherited) @executable_path/Frameworks @loader_path/Frameworks";
				PRODUCT_BUNDLE_IDENTIFIER = Zhanghao.DownJacketSearchBarDemoTests;
				PRODUCT_NAME = "$(TARGET_NAME)";
				TEST_HOST = "$(BUILT_PRODUCTS_DIR)/DownJacketSearchBarDemo.app/DownJacketSearchBarDemo";
			};
			name = Debug;
		};
		6148EFCB1DD58EBE00E2A86D /* Release */ = {
			isa = XCBuildConfiguration;
<<<<<<< cd4f779617c3ad0b92352922f4baaa56663e26bc
			baseConfigurationReference = 5B868E7349ED7490815C935C /* Pods-DownJacketSearchBarDemoTests.release.xcconfig */;
=======
>>>>>>> update
			buildSettings = {
				BUNDLE_LOADER = "$(TEST_HOST)";
				INFOPLIST_FILE = DownJacketSearchBarDemoTests/Info.plist;
				LD_RUNPATH_SEARCH_PATHS = "$(inherited) @executable_path/Frameworks @loader_path/Frameworks";
				PRODUCT_BUNDLE_IDENTIFIER = Zhanghao.DownJacketSearchBarDemoTests;
				PRODUCT_NAME = "$(TARGET_NAME)";
				TEST_HOST = "$(BUILT_PRODUCTS_DIR)/DownJacketSearchBarDemo.app/DownJacketSearchBarDemo";
			};
			name = Release;
		};
		6148EFCD1DD58EBE00E2A86D /* Debug */ = {
			isa = XCBuildConfiguration;
<<<<<<< cd4f779617c3ad0b92352922f4baaa56663e26bc
			baseConfigurationReference = 52076E97B814D9761C695412 /* Pods-DownJacketSearchBarDemoUITests.debug.xcconfig */;
=======
>>>>>>> update
			buildSettings = {
				INFOPLIST_FILE = DownJacketSearchBarDemoUITests/Info.plist;
				LD_RUNPATH_SEARCH_PATHS = "$(inherited) @executable_path/Frameworks @loader_path/Frameworks";
				PRODUCT_BUNDLE_IDENTIFIER = Zhanghao.DownJacketSearchBarDemoUITests;
				PRODUCT_NAME = "$(TARGET_NAME)";
				TEST_TARGET_NAME = DownJacketSearchBarDemo;
			};
			name = Debug;
		};
		6148EFCE1DD58EBE00E2A86D /* Release */ = {
			isa = XCBuildConfiguration;
<<<<<<< cd4f779617c3ad0b92352922f4baaa56663e26bc
			baseConfigurationReference = 7F673901E4AEB74BF43AB6AB /* Pods-DownJacketSearchBarDemoUITests.release.xcconfig */;
=======
>>>>>>> update
			buildSettings = {
				INFOPLIST_FILE = DownJacketSearchBarDemoUITests/Info.plist;
				LD_RUNPATH_SEARCH_PATHS = "$(inherited) @executable_path/Frameworks @loader_path/Frameworks";
				PRODUCT_BUNDLE_IDENTIFIER = Zhanghao.DownJacketSearchBarDemoUITests;
				PRODUCT_NAME = "$(TARGET_NAME)";
				TEST_TARGET_NAME = DownJacketSearchBarDemo;
			};
			name = Release;
		};
/* End XCBuildConfiguration section */

/* Begin XCConfigurationList section */
		6148EF941DD58EBE00E2A86D /* Build configuration list for PBXProject "DownJacketSearchBarDemo" */ = {
			isa = XCConfigurationList;
			buildConfigurations = (
				6148EFC41DD58EBE00E2A86D /* Debug */,
				6148EFC51DD58EBE00E2A86D /* Release */,
			);
			defaultConfigurationIsVisible = 0;
			defaultConfigurationName = Release;
		};
		6148EFC61DD58EBE00E2A86D /* Build configuration list for PBXNativeTarget "DownJacketSearchBarDemo" */ = {
			isa = XCConfigurationList;
			buildConfigurations = (
				6148EFC71DD58EBE00E2A86D /* Debug */,
				6148EFC81DD58EBE00E2A86D /* Release */,
			);
			defaultConfigurationIsVisible = 0;
			defaultConfigurationName = Release;
		};
		6148EFC91DD58EBE00E2A86D /* Build configuration list for PBXNativeTarget "DownJacketSearchBarDemoTests" */ = {
			isa = XCConfigurationList;
			buildConfigurations = (
				6148EFCA1DD58EBE00E2A86D /* Debug */,
				6148EFCB1DD58EBE00E2A86D /* Release */,
			);
			defaultConfigurationIsVisible = 0;
			defaultConfigurationName = Release;
		};
		6148EFCC1DD58EBE00E2A86D /* Build configuration list for PBXNativeTarget "DownJacketSearchBarDemoUITests" */ = {
			isa = XCConfigurationList;
			buildConfigurations = (
				6148EFCD1DD58EBE00E2A86D /* Debug */,
				6148EFCE1DD58EBE00E2A86D /* Release */,
			);
			defaultConfigurationIsVisible = 0;
			defaultConfigurationName = Release;
		};
/* End XCConfigurationList section */
	};
	rootObject = 6148EF911DD58EBE00E2A86D /* Project object */;
}
