// !$*UTF8*$!
{
	archiveVersion = 1;
	classes = {
	};
	objectVersion = 46;
	objects = {

/* Begin PBXBuildFile section */
		2B1B332790299BED1C7A22C3 /* Pods_DawnTransition_Example.framework in Frameworks */ = {isa = PBXBuildFile; fileRef = EBF99FD24F7C7A4B83B64E9D /* Pods_DawnTransition_Example.framework */; };
		607FACD61AFB9204008FA782 /* AppDelegate.swift in Sources */ = {isa = PBXBuildFile; fileRef = 607FACD51AFB9204008FA782 /* AppDelegate.swift */; };
		607FACD81AFB9204008FA782 /* ViewController.swift in Sources */ = {isa = PBXBuildFile; fileRef = 607FACD71AFB9204008FA782 /* ViewController.swift */; };
		607FACDB1AFB9204008FA782 /* Main.storyboard in Resources */ = {isa = PBXBuildFile; fileRef = 607FACD91AFB9204008FA782 /* Main.storyboard */; };
		607FACDD1AFB9204008FA782 /* Images.xcassets in Resources */ = {isa = PBXBuildFile; fileRef = 607FACDC1AFB9204008FA782 /* Images.xcassets */; };
		607FACE01AFB9204008FA782 /* LaunchScreen.xib in Resources */ = {isa = PBXBuildFile; fileRef = 607FACDE1AFB9204008FA782 /* LaunchScreen.xib */; };
		607FACEC1AFB9204008FA782 /* Tests.swift in Sources */ = {isa = PBXBuildFile; fileRef = 607FACEB1AFB9204008FA782 /* Tests.swift */; };
		813293B5421F04FB2010B54E /* Pods_DawnTransition_Tests.framework in Frameworks */ = {isa = PBXBuildFile; fileRef = 8D4B0D7D998E3B4729BEA187 /* Pods_DawnTransition_Tests.framework */; };
		817C552C2A846D590059B5F0 /* ViewControllerCell.swift in Sources */ = {isa = PBXBuildFile; fileRef = 817C552B2A846D590059B5F0 /* ViewControllerCell.swift */; };
		817C552E2A846DC60059B5F0 /* Utility.swift in Sources */ = {isa = PBXBuildFile; fileRef = 817C552D2A846DC60059B5F0 /* Utility.swift */; };
		817C55312A84712F0059B5F0 /* Sample1ViewController.swift in Sources */ = {isa = PBXBuildFile; fileRef = 817C55302A84712F0059B5F0 /* Sample1ViewController.swift */; };
		817C55332A8471530059B5F0 /* Sample2ViewController.swift in Sources */ = {isa = PBXBuildFile; fileRef = 817C55322A8471530059B5F0 /* Sample2ViewController.swift */; };
		817C55372A8475B30059B5F0 /* BaseNavigationController.swift in Sources */ = {isa = PBXBuildFile; fileRef = 817C55362A8475B30059B5F0 /* BaseNavigationController.swift */; };
		817C553D2A84CAC10059B5F0 /* SmapleBaseViewController.swift in Sources */ = {isa = PBXBuildFile; fileRef = 817C553C2A84CAC10059B5F0 /* SmapleBaseViewController.swift */; };
		81C85AA12A865999009A7987 /* Sample3ViewController.swift in Sources */ = {isa = PBXBuildFile; fileRef = 81C85AA02A865999009A7987 /* Sample3ViewController.swift */; };
		81C85AA92A88B38D009A7987 /* KlipageModel.swift in Sources */ = {isa = PBXBuildFile; fileRef = 81C85AA82A88B38D009A7987 /* KlipageModel.swift */; };
		81C85AAB2A88B3BB009A7987 /* KlipageViewController.swift in Sources */ = {isa = PBXBuildFile; fileRef = 81C85AAA2A88B3BB009A7987 /* KlipageViewController.swift */; };
		81C85AAD2A88B3D4009A7987 /* KlipageCell.swift in Sources */ = {isa = PBXBuildFile; fileRef = 81C85AAC2A88B3D4009A7987 /* KlipageCell.swift */; };
		81C85AB92A88B49B009A7987 /* UICollectionViewPinToVisibleLayout.m in Sources */ = {isa = PBXBuildFile; fileRef = 81C85AB22A88B49B009A7987 /* UICollectionViewPinToVisibleLayout.m */; };
		81C85ABA2A88B49B009A7987 /* UICollectionViewDistanceBetweenLayout.m in Sources */ = {isa = PBXBuildFile; fileRef = 81C85AB32A88B49B009A7987 /* UICollectionViewDistanceBetweenLayout.m */; };
		81C85ABB2A88B49B009A7987 /* UICollectionViewLeftAlignedLayout.m in Sources */ = {isa = PBXBuildFile; fileRef = 81C85AB42A88B49B009A7987 /* UICollectionViewLeftAlignedLayout.m */; };
		81C85ABC2A88B49B009A7987 /* UICollectionViewWaterfallLayout.swift in Sources */ = {isa = PBXBuildFile; fileRef = 81C85AB72A88B49B009A7987 /* UICollectionViewWaterfallLayout.swift */; };
		81C85ABE2A88B512009A7987 /* KliPageSnapshotCache.swift in Sources */ = {isa = PBXBuildFile; fileRef = 81C85ABD2A88B512009A7987 /* KliPageSnapshotCache.swift */; };
		81C85AC42A88B6DB009A7987 /* DescIMGViewController.swift in Sources */ = {isa = PBXBuildFile; fileRef = 81C85AC32A88B6DB009A7987 /* DescIMGViewController.swift */; };
		81C85AC62A88B716009A7987 /* DescIMGModel.swift in Sources */ = {isa = PBXBuildFile; fileRef = 81C85AC52A88B716009A7987 /* DescIMGModel.swift */; };
		81C85AC82A88B733009A7987 /* DescIMGCell.swift in Sources */ = {isa = PBXBuildFile; fileRef = 81C85AC72A88B733009A7987 /* DescIMGCell.swift */; };
		81C85ACA2A88B793009A7987 /* DescIMGHeaderView.swift in Sources */ = {isa = PBXBuildFile; fileRef = 81C85AC92A88B793009A7987 /* DescIMGHeaderView.swift */; };
/* End PBXBuildFile section */

/* Begin PBXContainerItemProxy section */
		607FACE61AFB9204008FA782 /* PBXContainerItemProxy */ = {
			isa = PBXContainerItemProxy;
			containerPortal = 607FACC81AFB9204008FA782 /* Project object */;
			proxyType = 1;
			remoteGlobalIDString = 607FACCF1AFB9204008FA782;
			remoteInfo = DawnTransition;
		};
/* End PBXContainerItemProxy section */

/* Begin PBXFileReference section */
		04E9FFF63D52BF9EB4692647 /* Pods-DawnTransition_Tests.debug.xcconfig */ = {isa = PBXFileReference; includeInIndex = 1; lastKnownFileType = text.xcconfig; name = "Pods-DawnTransition_Tests.debug.xcconfig"; path = "Target Support Files/Pods-DawnTransition_Tests/Pods-DawnTransition_Tests.debug.xcconfig"; sourceTree = "<group>"; };
		2256BED02C5ED6DB470F85A6 /* Pods-DawnTransition_Example.release.xcconfig */ = {isa = PBXFileReference; includeInIndex = 1; lastKnownFileType = text.xcconfig; name = "Pods-DawnTransition_Example.release.xcconfig"; path = "Target Support Files/Pods-DawnTransition_Example/Pods-DawnTransition_Example.release.xcconfig"; sourceTree = "<group>"; };
		3DDACE4D050352F81046E8DE /* DawnTransition.podspec */ = {isa = PBXFileReference; includeInIndex = 1; lastKnownFileType = text; name = DawnTransition.podspec; path = ../DawnTransition.podspec; sourceTree = "<group>"; xcLanguageSpecificationIdentifier = xcode.lang.ruby; };
		6035A916C0FCBA8730E642FD /* README.md */ = {isa = PBXFileReference; includeInIndex = 1; lastKnownFileType = net.daringfireball.markdown; name = README.md; path = ../README.md; sourceTree = "<group>"; };
		607FACD01AFB9204008FA782 /* DawnTransition_Example.app */ = {isa = PBXFileReference; explicitFileType = wrapper.application; includeInIndex = 0; path = DawnTransition_Example.app; sourceTree = BUILT_PRODUCTS_DIR; };
		607FACD41AFB9204008FA782 /* Info.plist */ = {isa = PBXFileReference; lastKnownFileType = text.plist.xml; path = Info.plist; sourceTree = "<group>"; };
		607FACD51AFB9204008FA782 /* AppDelegate.swift */ = {isa = PBXFileReference; lastKnownFileType = sourcecode.swift; path = AppDelegate.swift; sourceTree = "<group>"; };
		607FACD71AFB9204008FA782 /* ViewController.swift */ = {isa = PBXFileReference; lastKnownFileType = sourcecode.swift; path = ViewController.swift; sourceTree = "<group>"; };
		607FACDA1AFB9204008FA782 /* Base */ = {isa = PBXFileReference; lastKnownFileType = file.storyboard; name = Base; path = Base.lproj/Main.storyboard; sourceTree = "<group>"; };
		607FACDC1AFB9204008FA782 /* Images.xcassets */ = {isa = PBXFileReference; lastKnownFileType = folder.assetcatalog; path = Images.xcassets; sourceTree = "<group>"; };
		607FACDF1AFB9204008FA782 /* Base */ = {isa = PBXFileReference; lastKnownFileType = file.xib; name = Base; path = Base.lproj/LaunchScreen.xib; sourceTree = "<group>"; };
		607FACE51AFB9204008FA782 /* DawnTransition_Tests.xctest */ = {isa = PBXFileReference; explicitFileType = wrapper.cfbundle; includeInIndex = 0; path = DawnTransition_Tests.xctest; sourceTree = BUILT_PRODUCTS_DIR; };
		607FACEA1AFB9204008FA782 /* Info.plist */ = {isa = PBXFileReference; lastKnownFileType = text.plist.xml; path = Info.plist; sourceTree = "<group>"; };
		607FACEB1AFB9204008FA782 /* Tests.swift */ = {isa = PBXFileReference; lastKnownFileType = sourcecode.swift; path = Tests.swift; sourceTree = "<group>"; };
		6B19E8E8DC9B20BD9BBFCC0A /* Pods-DawnTransition_Tests.release.xcconfig */ = {isa = PBXFileReference; includeInIndex = 1; lastKnownFileType = text.xcconfig; name = "Pods-DawnTransition_Tests.release.xcconfig"; path = "Target Support Files/Pods-DawnTransition_Tests/Pods-DawnTransition_Tests.release.xcconfig"; sourceTree = "<group>"; };
		6E22C8815738A60B4B98CC1E /* Pods-DawnTransition_Example.debug.xcconfig */ = {isa = PBXFileReference; includeInIndex = 1; lastKnownFileType = text.xcconfig; name = "Pods-DawnTransition_Example.debug.xcconfig"; path = "Target Support Files/Pods-DawnTransition_Example/Pods-DawnTransition_Example.debug.xcconfig"; sourceTree = "<group>"; };
		817C552B2A846D590059B5F0 /* ViewControllerCell.swift */ = {isa = PBXFileReference; lastKnownFileType = sourcecode.swift; path = ViewControllerCell.swift; sourceTree = "<group>"; };
		817C552D2A846DC60059B5F0 /* Utility.swift */ = {isa = PBXFileReference; lastKnownFileType = sourcecode.swift; path = Utility.swift; sourceTree = "<group>"; };
		817C55302A84712F0059B5F0 /* Sample1ViewController.swift */ = {isa = PBXFileReference; lastKnownFileType = sourcecode.swift; path = Sample1ViewController.swift; sourceTree = "<group>"; };
		817C55322A8471530059B5F0 /* Sample2ViewController.swift */ = {isa = PBXFileReference; lastKnownFileType = sourcecode.swift; path = Sample2ViewController.swift; sourceTree = "<group>"; };
		817C55362A8475B30059B5F0 /* BaseNavigationController.swift */ = {isa = PBXFileReference; lastKnownFileType = sourcecode.swift; path = BaseNavigationController.swift; sourceTree = "<group>"; };
		817C553C2A84CAC10059B5F0 /* SmapleBaseViewController.swift */ = {isa = PBXFileReference; lastKnownFileType = sourcecode.swift; path = SmapleBaseViewController.swift; sourceTree = "<group>"; };
		81C85AA02A865999009A7987 /* Sample3ViewController.swift */ = {isa = PBXFileReference; lastKnownFileType = sourcecode.swift; path = Sample3ViewController.swift; sourceTree = "<group>"; };
		81C85AA82A88B38D009A7987 /* KlipageModel.swift */ = {isa = PBXFileReference; lastKnownFileType = sourcecode.swift; path = KlipageModel.swift; sourceTree = "<group>"; };
		81C85AAA2A88B3BB009A7987 /* KlipageViewController.swift */ = {isa = PBXFileReference; lastKnownFileType = sourcecode.swift; path = KlipageViewController.swift; sourceTree = "<group>"; };
		81C85AAC2A88B3D4009A7987 /* KlipageCell.swift */ = {isa = PBXFileReference; lastKnownFileType = sourcecode.swift; path = KlipageCell.swift; sourceTree = "<group>"; };
		81C85AB12A88B49A009A7987 /* DawnTransition_Example-Bridging-Header.h */ = {isa = PBXFileReference; lastKnownFileType = sourcecode.c.h; path = "DawnTransition_Example-Bridging-Header.h"; sourceTree = "<group>"; };
		81C85AB22A88B49B009A7987 /* UICollectionViewPinToVisibleLayout.m */ = {isa = PBXFileReference; fileEncoding = 4; lastKnownFileType = sourcecode.c.objc; path = UICollectionViewPinToVisibleLayout.m; sourceTree = "<group>"; };
		81C85AB32A88B49B009A7987 /* UICollectionViewDistanceBetweenLayout.m */ = {isa = PBXFileReference; fileEncoding = 4; lastKnownFileType = sourcecode.c.objc; path = UICollectionViewDistanceBetweenLayout.m; sourceTree = "<group>"; };
		81C85AB42A88B49B009A7987 /* UICollectionViewLeftAlignedLayout.m */ = {isa = PBXFileReference; fileEncoding = 4; lastKnownFileType = sourcecode.c.objc; path = UICollectionViewLeftAlignedLayout.m; sourceTree = "<group>"; };
		81C85AB52A88B49B009A7987 /* UICollectionViewDistanceBetweenLayout.h */ = {isa = PBXFileReference; fileEncoding = 4; lastKnownFileType = sourcecode.c.h; path = UICollectionViewDistanceBetweenLayout.h; sourceTree = "<group>"; };
		81C85AB62A88B49B009A7987 /* UICollectionViewPinToVisibleLayout.h */ = {isa = PBXFileReference; fileEncoding = 4; lastKnownFileType = sourcecode.c.h; path = UICollectionViewPinToVisibleLayout.h; sourceTree = "<group>"; };
		81C85AB72A88B49B009A7987 /* UICollectionViewWaterfallLayout.swift */ = {isa = PBXFileReference; fileEncoding = 4; lastKnownFileType = sourcecode.swift; path = UICollectionViewWaterfallLayout.swift; sourceTree = "<group>"; };
		81C85AB82A88B49B009A7987 /* UICollectionViewLeftAlignedLayout.h */ = {isa = PBXFileReference; fileEncoding = 4; lastKnownFileType = sourcecode.c.h; path = UICollectionViewLeftAlignedLayout.h; sourceTree = "<group>"; };
		81C85ABD2A88B512009A7987 /* KliPageSnapshotCache.swift */ = {isa = PBXFileReference; lastKnownFileType = sourcecode.swift; path = KliPageSnapshotCache.swift; sourceTree = "<group>"; };
		81C85AC32A88B6DB009A7987 /* DescIMGViewController.swift */ = {isa = PBXFileReference; lastKnownFileType = sourcecode.swift; path = DescIMGViewController.swift; sourceTree = "<group>"; };
		81C85AC52A88B716009A7987 /* DescIMGModel.swift */ = {isa = PBXFileReference; lastKnownFileType = sourcecode.swift; path = DescIMGModel.swift; sourceTree = "<group>"; };
		81C85AC72A88B733009A7987 /* DescIMGCell.swift */ = {isa = PBXFileReference; lastKnownFileType = sourcecode.swift; path = DescIMGCell.swift; sourceTree = "<group>"; };
		81C85AC92A88B793009A7987 /* DescIMGHeaderView.swift */ = {isa = PBXFileReference; lastKnownFileType = sourcecode.swift; path = DescIMGHeaderView.swift; sourceTree = "<group>"; };
		8D4B0D7D998E3B4729BEA187 /* Pods_DawnTransition_Tests.framework */ = {isa = PBXFileReference; explicitFileType = wrapper.framework; includeInIndex = 0; path = Pods_DawnTransition_Tests.framework; sourceTree = BUILT_PRODUCTS_DIR; };
		BDCD4D927A58634D29D0A54C /* LICENSE */ = {isa = PBXFileReference; includeInIndex = 1; lastKnownFileType = text; name = LICENSE; path = ../LICENSE; sourceTree = "<group>"; };
		EBF99FD24F7C7A4B83B64E9D /* Pods_DawnTransition_Example.framework */ = {isa = PBXFileReference; explicitFileType = wrapper.framework; includeInIndex = 0; path = Pods_DawnTransition_Example.framework; sourceTree = BUILT_PRODUCTS_DIR; };
/* End PBXFileReference section */

/* Begin PBXFrameworksBuildPhase section */
		607FACCD1AFB9204008FA782 /* Frameworks */ = {
			isa = PBXFrameworksBuildPhase;
			buildActionMask = 2147483647;
			files = (
				2B1B332790299BED1C7A22C3 /* Pods_DawnTransition_Example.framework in Frameworks */,
			);
			runOnlyForDeploymentPostprocessing = 0;
		};
		607FACE21AFB9204008FA782 /* Frameworks */ = {
			isa = PBXFrameworksBuildPhase;
			buildActionMask = 2147483647;
			files = (
				813293B5421F04FB2010B54E /* Pods_DawnTransition_Tests.framework in Frameworks */,
			);
			runOnlyForDeploymentPostprocessing = 0;
		};
/* End PBXFrameworksBuildPhase section */

/* Begin PBXGroup section */
		13725B774B2CA32DAC3B9824 /* Frameworks */ = {
			isa = PBXGroup;
			children = (
				EBF99FD24F7C7A4B83B64E9D /* Pods_DawnTransition_Example.framework */,
				8D4B0D7D998E3B4729BEA187 /* Pods_DawnTransition_Tests.framework */,
			);
			name = Frameworks;
			sourceTree = "<group>";
		};
		607FACC71AFB9204008FA782 = {
			isa = PBXGroup;
			children = (
				607FACF51AFB993E008FA782 /* Podspec Metadata */,
				607FACD21AFB9204008FA782 /* Example for DawnTransition */,
				607FACE81AFB9204008FA782 /* Tests */,
				607FACD11AFB9204008FA782 /* Products */,
				98865DCD1ECF6A04498417BE /* Pods */,
				13725B774B2CA32DAC3B9824 /* Frameworks */,
			);
			sourceTree = "<group>";
		};
		607FACD11AFB9204008FA782 /* Products */ = {
			isa = PBXGroup;
			children = (
				607FACD01AFB9204008FA782 /* DawnTransition_Example.app */,
				607FACE51AFB9204008FA782 /* DawnTransition_Tests.xctest */,
			);
			name = Products;
			sourceTree = "<group>";
		};
		607FACD21AFB9204008FA782 /* Example for DawnTransition */ = {
			isa = PBXGroup;
			children = (
				81C85AC22A88B689009A7987 /* DescIMG */,
				81C85AC12A88B66B009A7987 /* FlowIMG */,
				81C85AB02A88B46D009A7987 /* Layout */,
				817C552F2A84710F0059B5F0 /* Smaple */,
				607FACD51AFB9204008FA782 /* AppDelegate.swift */,
				607FACD71AFB9204008FA782 /* ViewController.swift */,
				817C552B2A846D590059B5F0 /* ViewControllerCell.swift */,
				817C55362A8475B30059B5F0 /* BaseNavigationController.swift */,
				817C552D2A846DC60059B5F0 /* Utility.swift */,
				607FACD91AFB9204008FA782 /* Main.storyboard */,
				607FACDC1AFB9204008FA782 /* Images.xcassets */,
				607FACDE1AFB9204008FA782 /* LaunchScreen.xib */,
				607FACD31AFB9204008FA782 /* Supporting Files */,
			);
			name = "Example for DawnTransition";
			path = DawnTransition;
			sourceTree = "<group>";
		};
		607FACD31AFB9204008FA782 /* Supporting Files */ = {
			isa = PBXGroup;
			children = (
				607FACD41AFB9204008FA782 /* Info.plist */,
			);
			name = "Supporting Files";
			sourceTree = "<group>";
		};
		607FACE81AFB9204008FA782 /* Tests */ = {
			isa = PBXGroup;
			children = (
				607FACEB1AFB9204008FA782 /* Tests.swift */,
				607FACE91AFB9204008FA782 /* Supporting Files */,
			);
			path = Tests;
			sourceTree = "<group>";
		};
		607FACE91AFB9204008FA782 /* Supporting Files */ = {
			isa = PBXGroup;
			children = (
				607FACEA1AFB9204008FA782 /* Info.plist */,
			);
			name = "Supporting Files";
			sourceTree = "<group>";
		};
		607FACF51AFB993E008FA782 /* Podspec Metadata */ = {
			isa = PBXGroup;
			children = (
				3DDACE4D050352F81046E8DE /* DawnTransition.podspec */,
				6035A916C0FCBA8730E642FD /* README.md */,
				BDCD4D927A58634D29D0A54C /* LICENSE */,
			);
			name = "Podspec Metadata";
			sourceTree = "<group>";
		};
		817C552F2A84710F0059B5F0 /* Smaple */ = {
			isa = PBXGroup;
			children = (
				817C553C2A84CAC10059B5F0 /* SmapleBaseViewController.swift */,
				817C55302A84712F0059B5F0 /* Sample1ViewController.swift */,
				817C55322A8471530059B5F0 /* Sample2ViewController.swift */,
				81C85AA02A865999009A7987 /* Sample3ViewController.swift */,
			);
			name = Smaple;
			sourceTree = "<group>";
		};
		81C85AB02A88B46D009A7987 /* Layout */ = {
			isa = PBXGroup;
			children = (
				81C85AB52A88B49B009A7987 /* UICollectionViewDistanceBetweenLayout.h */,
				81C85AB32A88B49B009A7987 /* UICollectionViewDistanceBetweenLayout.m */,
				81C85AB82A88B49B009A7987 /* UICollectionViewLeftAlignedLayout.h */,
				81C85AB42A88B49B009A7987 /* UICollectionViewLeftAlignedLayout.m */,
				81C85AB62A88B49B009A7987 /* UICollectionViewPinToVisibleLayout.h */,
				81C85AB22A88B49B009A7987 /* UICollectionViewPinToVisibleLayout.m */,
				81C85AB72A88B49B009A7987 /* UICollectionViewWaterfallLayout.swift */,
				81C85AB12A88B49A009A7987 /* DawnTransition_Example-Bridging-Header.h */,
			);
			path = Layout;
			sourceTree = "<group>";
		};
		81C85AC12A88B66B009A7987 /* FlowIMG */ = {
			isa = PBXGroup;
			children = (
				81C85AA82A88B38D009A7987 /* KlipageModel.swift */,
				81C85AAC2A88B3D4009A7987 /* KlipageCell.swift */,
				81C85AAA2A88B3BB009A7987 /* KlipageViewController.swift */,
				81C85ABD2A88B512009A7987 /* KliPageSnapshotCache.swift */,
			);
			path = FlowIMG;
			sourceTree = "<group>";
		};
		81C85AC22A88B689009A7987 /* DescIMG */ = {
			isa = PBXGroup;
			children = (
				81C85AC32A88B6DB009A7987 /* DescIMGViewController.swift */,
				81C85AC52A88B716009A7987 /* DescIMGModel.swift */,
				81C85AC72A88B733009A7987 /* DescIMGCell.swift */,
				81C85AC92A88B793009A7987 /* DescIMGHeaderView.swift */,
			);
			name = DescIMG;
			sourceTree = "<group>";
		};
		98865DCD1ECF6A04498417BE /* Pods */ = {
			isa = PBXGroup;
			children = (
				6E22C8815738A60B4B98CC1E /* Pods-DawnTransition_Example.debug.xcconfig */,
				2256BED02C5ED6DB470F85A6 /* Pods-DawnTransition_Example.release.xcconfig */,
				04E9FFF63D52BF9EB4692647 /* Pods-DawnTransition_Tests.debug.xcconfig */,
				6B19E8E8DC9B20BD9BBFCC0A /* Pods-DawnTransition_Tests.release.xcconfig */,
			);
			path = Pods;
			sourceTree = "<group>";
		};
/* End PBXGroup section */

/* Begin PBXNativeTarget section */
		607FACCF1AFB9204008FA782 /* DawnTransition_Example */ = {
			isa = PBXNativeTarget;
			buildConfigurationList = 607FACEF1AFB9204008FA782 /* Build configuration list for PBXNativeTarget "DawnTransition_Example" */;
			buildPhases = (
				DE29CD262CBA05915CE9B3DC /* [CP] Check Pods Manifest.lock */,
				607FACCC1AFB9204008FA782 /* Sources */,
				607FACCD1AFB9204008FA782 /* Frameworks */,
				607FACCE1AFB9204008FA782 /* Resources */,
				807C7339ECAA48BAA6D0CFAE /* [CP] Embed Pods Frameworks */,
			);
			buildRules = (
			);
			dependencies = (
			);
			name = DawnTransition_Example;
			productName = DawnTransition;
			productReference = 607FACD01AFB9204008FA782 /* DawnTransition_Example.app */;
			productType = "com.apple.product-type.application";
		};
		607FACE41AFB9204008FA782 /* DawnTransition_Tests */ = {
			isa = PBXNativeTarget;
			buildConfigurationList = 607FACF21AFB9204008FA782 /* Build configuration list for PBXNativeTarget "DawnTransition_Tests" */;
			buildPhases = (
				F5F448AA90251605019442C9 /* [CP] Check Pods Manifest.lock */,
				607FACE11AFB9204008FA782 /* Sources */,
				607FACE21AFB9204008FA782 /* Frameworks */,
				607FACE31AFB9204008FA782 /* Resources */,
			);
			buildRules = (
			);
			dependencies = (
				607FACE71AFB9204008FA782 /* PBXTargetDependency */,
			);
			name = DawnTransition_Tests;
			productName = Tests;
			productReference = 607FACE51AFB9204008FA782 /* DawnTransition_Tests.xctest */;
			productType = "com.apple.product-type.bundle.unit-test";
		};
/* End PBXNativeTarget section */

/* Begin PBXProject section */
		607FACC81AFB9204008FA782 /* Project object */ = {
			isa = PBXProject;
			attributes = {
				LastSwiftUpdateCheck = 0830;
				LastUpgradeCheck = 1400;
				ORGANIZATIONNAME = CocoaPods;
				TargetAttributes = {
					607FACCF1AFB9204008FA782 = {
						CreatedOnToolsVersion = 6.3.1;
						DevelopmentTeam = VT73DARZRD;
						LastSwiftMigration = 1400;
					};
					607FACE41AFB9204008FA782 = {
						CreatedOnToolsVersion = 6.3.1;
						DevelopmentTeam = VT73DARZRD;
						LastSwiftMigration = "";
						TestTargetID = 607FACCF1AFB9204008FA782;
					};
				};
			};
			buildConfigurationList = 607FACCB1AFB9204008FA782 /* Build configuration list for PBXProject "DawnTransition" */;
			compatibilityVersion = "Xcode 3.2";
			developmentRegion = English;
			hasScannedForEncodings = 0;
			knownRegions = (
				English,
				en,
				Base,
			);
			mainGroup = 607FACC71AFB9204008FA782;
			productRefGroup = 607FACD11AFB9204008FA782 /* Products */;
			projectDirPath = "";
			projectRoot = "";
			targets = (
				607FACCF1AFB9204008FA782 /* DawnTransition_Example */,
				607FACE41AFB9204008FA782 /* DawnTransition_Tests */,
			);
		};
/* End PBXProject section */

/* Begin PBXResourcesBuildPhase section */
		607FACCE1AFB9204008FA782 /* Resources */ = {
			isa = PBXResourcesBuildPhase;
			buildActionMask = 2147483647;
			files = (
				607FACDB1AFB9204008FA782 /* Main.storyboard in Resources */,
				607FACE01AFB9204008FA782 /* LaunchScreen.xib in Resources */,
				607FACDD1AFB9204008FA782 /* Images.xcassets in Resources */,
			);
			runOnlyForDeploymentPostprocessing = 0;
		};
		607FACE31AFB9204008FA782 /* Resources */ = {
			isa = PBXResourcesBuildPhase;
			buildActionMask = 2147483647;
			files = (
			);
			runOnlyForDeploymentPostprocessing = 0;
		};
/* End PBXResourcesBuildPhase section */

/* Begin PBXShellScriptBuildPhase section */
		807C7339ECAA48BAA6D0CFAE /* [CP] Embed Pods Frameworks */ = {
			isa = PBXShellScriptBuildPhase;
			buildActionMask = 2147483647;
			files = (
			);
			inputPaths = (
				"${PODS_ROOT}/Target Support Files/Pods-DawnTransition_Example/Pods-DawnTransition_Example-frameworks.sh",
				"${BUILT_PRODUCTS_DIR}/DawnKit/DawnKit.framework",
				"${BUILT_PRODUCTS_DIR}/DawnTransition/DawnTransition.framework",
			);
			name = "[CP] Embed Pods Frameworks";
			outputPaths = (
				"${TARGET_BUILD_DIR}/${FRAMEWORKS_FOLDER_PATH}/DawnKit.framework",
				"${TARGET_BUILD_DIR}/${FRAMEWORKS_FOLDER_PATH}/DawnTransition.framework",
			);
			runOnlyForDeploymentPostprocessing = 0;
			shellPath = /bin/sh;
			shellScript = "\"${PODS_ROOT}/Target Support Files/Pods-DawnTransition_Example/Pods-DawnTransition_Example-frameworks.sh\"\n";
			showEnvVarsInLog = 0;
		};
		DE29CD262CBA05915CE9B3DC /* [CP] Check Pods Manifest.lock */ = {
			isa = PBXShellScriptBuildPhase;
			buildActionMask = 2147483647;
			files = (
			);
			inputFileListPaths = (
			);
			inputPaths = (
				"${PODS_PODFILE_DIR_PATH}/Podfile.lock",
				"${PODS_ROOT}/Manifest.lock",
			);
			name = "[CP] Check Pods Manifest.lock";
			outputFileListPaths = (
			);
			outputPaths = (
				"$(DERIVED_FILE_DIR)/Pods-DawnTransition_Example-checkManifestLockResult.txt",
			);
			runOnlyForDeploymentPostprocessing = 0;
			shellPath = /bin/sh;
			shellScript = "diff \"${PODS_PODFILE_DIR_PATH}/Podfile.lock\" \"${PODS_ROOT}/Manifest.lock\" > /dev/null\nif [ $? != 0 ] ; then\n    # print error to STDERR\n    echo \"error: The sandbox is not in sync with the Podfile.lock. Run 'pod install' or update your CocoaPods installation.\" >&2\n    exit 1\nfi\n# This output is used by Xcode 'outputs' to avoid re-running this script phase.\necho \"SUCCESS\" > \"${SCRIPT_OUTPUT_FILE_0}\"\n";
			showEnvVarsInLog = 0;
		};
		F5F448AA90251605019442C9 /* [CP] Check Pods Manifest.lock */ = {
			isa = PBXShellScriptBuildPhase;
			buildActionMask = 2147483647;
			files = (
			);
			inputFileListPaths = (
			);
			inputPaths = (
				"${PODS_PODFILE_DIR_PATH}/Podfile.lock",
				"${PODS_ROOT}/Manifest.lock",
			);
			name = "[CP] Check Pods Manifest.lock";
			outputFileListPaths = (
			);
			outputPaths = (
				"$(DERIVED_FILE_DIR)/Pods-DawnTransition_Tests-checkManifestLockResult.txt",
			);
			runOnlyForDeploymentPostprocessing = 0;
			shellPath = /bin/sh;
			shellScript = "diff \"${PODS_PODFILE_DIR_PATH}/Podfile.lock\" \"${PODS_ROOT}/Manifest.lock\" > /dev/null\nif [ $? != 0 ] ; then\n    # print error to STDERR\n    echo \"error: The sandbox is not in sync with the Podfile.lock. Run 'pod install' or update your CocoaPods installation.\" >&2\n    exit 1\nfi\n# This output is used by Xcode 'outputs' to avoid re-running this script phase.\necho \"SUCCESS\" > \"${SCRIPT_OUTPUT_FILE_0}\"\n";
			showEnvVarsInLog = 0;
		};
/* End PBXShellScriptBuildPhase section */

/* Begin PBXSourcesBuildPhase section */
		607FACCC1AFB9204008FA782 /* Sources */ = {
			isa = PBXSourcesBuildPhase;
			buildActionMask = 2147483647;
			files = (
				81C85ABB2A88B49B009A7987 /* UICollectionViewLeftAlignedLayout.m in Sources */,
				81C85AAD2A88B3D4009A7987 /* KlipageCell.swift in Sources */,
				81C85AC42A88B6DB009A7987 /* DescIMGViewController.swift in Sources */,
				817C55372A8475B30059B5F0 /* BaseNavigationController.swift in Sources */,
				817C552E2A846DC60059B5F0 /* Utility.swift in Sources */,
				817C55332A8471530059B5F0 /* Sample2ViewController.swift in Sources */,
				81C85AB92A88B49B009A7987 /* UICollectionViewPinToVisibleLayout.m in Sources */,
				81C85ABE2A88B512009A7987 /* KliPageSnapshotCache.swift in Sources */,
				81C85ACA2A88B793009A7987 /* DescIMGHeaderView.swift in Sources */,
				817C552C2A846D590059B5F0 /* ViewControllerCell.swift in Sources */,
				81C85AC82A88B733009A7987 /* DescIMGCell.swift in Sources */,
				81C85AA12A865999009A7987 /* Sample3ViewController.swift in Sources */,
				81C85AA92A88B38D009A7987 /* KlipageModel.swift in Sources */,
				81C85ABC2A88B49B009A7987 /* UICollectionViewWaterfallLayout.swift in Sources */,
				81C85ABA2A88B49B009A7987 /* UICollectionViewDistanceBetweenLayout.m in Sources */,
				81C85AAB2A88B3BB009A7987 /* KlipageViewController.swift in Sources */,
				817C55312A84712F0059B5F0 /* Sample1ViewController.swift in Sources */,
				607FACD81AFB9204008FA782 /* ViewController.swift in Sources */,
				607FACD61AFB9204008FA782 /* AppDelegate.swift in Sources */,
				817C553D2A84CAC10059B5F0 /* SmapleBaseViewController.swift in Sources */,
				81C85AC62A88B716009A7987 /* DescIMGModel.swift in Sources */,
			);
			runOnlyForDeploymentPostprocessing = 0;
		};
		607FACE11AFB9204008FA782 /* Sources */ = {
			isa = PBXSourcesBuildPhase;
			buildActionMask = 2147483647;
			files = (
				607FACEC1AFB9204008FA782 /* Tests.swift in Sources */,
			);
			runOnlyForDeploymentPostprocessing = 0;
		};
/* End PBXSourcesBuildPhase section */

/* Begin PBXTargetDependency section */
		607FACE71AFB9204008FA782 /* PBXTargetDependency */ = {
			isa = PBXTargetDependency;
			target = 607FACCF1AFB9204008FA782 /* DawnTransition_Example */;
			targetProxy = 607FACE61AFB9204008FA782 /* PBXContainerItemProxy */;
		};
/* End PBXTargetDependency section */

/* Begin PBXVariantGroup section */
		607FACD91AFB9204008FA782 /* Main.storyboard */ = {
			isa = PBXVariantGroup;
			children = (
				607FACDA1AFB9204008FA782 /* Base */,
			);
			name = Main.storyboard;
			sourceTree = "<group>";
		};
		607FACDE1AFB9204008FA782 /* LaunchScreen.xib */ = {
			isa = PBXVariantGroup;
			children = (
				607FACDF1AFB9204008FA782 /* Base */,
			);
			name = LaunchScreen.xib;
			sourceTree = "<group>";
		};
/* End PBXVariantGroup section */

/* Begin XCBuildConfiguration section */
		607FACED1AFB9204008FA782 /* Debug */ = {
			isa = XCBuildConfiguration;
			buildSettings = {
				ALWAYS_SEARCH_USER_PATHS = NO;
				CLANG_ANALYZER_LOCALIZABILITY_NONLOCALIZED = YES;
				CLANG_CXX_LANGUAGE_STANDARD = "gnu++0x";
				CLANG_CXX_LIBRARY = "libc++";
				CLANG_ENABLE_MODULES = YES;
				CLANG_ENABLE_OBJC_ARC = YES;
				CLANG_WARN_BLOCK_CAPTURE_AUTORELEASING = YES;
				CLANG_WARN_BOOL_CONVERSION = YES;
				CLANG_WARN_COMMA = YES;
				CLANG_WARN_CONSTANT_CONVERSION = YES;
				CLANG_WARN_DEPRECATED_OBJC_IMPLEMENTATIONS = YES;
				CLANG_WARN_DIRECT_OBJC_ISA_USAGE = YES_ERROR;
				CLANG_WARN_EMPTY_BODY = YES;
				CLANG_WARN_ENUM_CONVERSION = YES;
				CLANG_WARN_INFINITE_RECURSION = YES;
				CLANG_WARN_INT_CONVERSION = YES;
				CLANG_WARN_NON_LITERAL_NULL_CONVERSION = YES;
				CLANG_WARN_OBJC_IMPLICIT_RETAIN_SELF = YES;
				CLANG_WARN_OBJC_LITERAL_CONVERSION = YES;
				CLANG_WARN_OBJC_ROOT_CLASS = YES_ERROR;
				CLANG_WARN_QUOTED_INCLUDE_IN_FRAMEWORK_HEADER = YES;
				CLANG_WARN_RANGE_LOOP_ANALYSIS = YES;
				CLANG_WARN_STRICT_PROTOTYPES = YES;
				CLANG_WARN_SUSPICIOUS_MOVE = YES;
				CLANG_WARN_UNREACHABLE_CODE = YES;
				CLANG_WARN__DUPLICATE_METHOD_MATCH = YES;
				"CODE_SIGN_IDENTITY[sdk=iphoneos*]" = "iPhone Developer";
				COPY_PHASE_STRIP = NO;
				DEBUG_INFORMATION_FORMAT = "dwarf-with-dsym";
				ENABLE_STRICT_OBJC_MSGSEND = YES;
				ENABLE_TESTABILITY = YES;
				GCC_C_LANGUAGE_STANDARD = gnu99;
				GCC_DYNAMIC_NO_PIC = NO;
				GCC_NO_COMMON_BLOCKS = YES;
				GCC_OPTIMIZATION_LEVEL = 0;
				GCC_PREPROCESSOR_DEFINITIONS = (
					"DEBUG=1",
					"$(inherited)",
				);
				GCC_SYMBOLS_PRIVATE_EXTERN = NO;
				GCC_WARN_64_TO_32_BIT_CONVERSION = YES;
				GCC_WARN_ABOUT_RETURN_TYPE = YES_ERROR;
				GCC_WARN_UNDECLARED_SELECTOR = YES;
				GCC_WARN_UNINITIALIZED_AUTOS = YES_AGGRESSIVE;
				GCC_WARN_UNUSED_FUNCTION = YES;
				GCC_WARN_UNUSED_VARIABLE = YES;
				IPHONEOS_DEPLOYMENT_TARGET = 12.0;
				MTL_ENABLE_DEBUG_INFO = YES;
				ONLY_ACTIVE_ARCH = YES;
				SDKROOT = iphoneos;
				SWIFT_OPTIMIZATION_LEVEL = "-Onone";
			};
			name = Debug;
		};
		607FACEE1AFB9204008FA782 /* Release */ = {
			isa = XCBuildConfiguration;
			buildSettings = {
				ALWAYS_SEARCH_USER_PATHS = NO;
				CLANG_ANALYZER_LOCALIZABILITY_NONLOCALIZED = YES;
				CLANG_CXX_LANGUAGE_STANDARD = "gnu++0x";
				CLANG_CXX_LIBRARY = "libc++";
				CLANG_ENABLE_MODULES = YES;
				CLANG_ENABLE_OBJC_ARC = YES;
				CLANG_WARN_BLOCK_CAPTURE_AUTORELEASING = YES;
				CLANG_WARN_BOOL_CONVERSION = YES;
				CLANG_WARN_COMMA = YES;
				CLANG_WARN_CONSTANT_CONVERSION = YES;
				CLANG_WARN_DEPRECATED_OBJC_IMPLEMENTATIONS = YES;
				CLANG_WARN_DIRECT_OBJC_ISA_USAGE = YES_ERROR;
				CLANG_WARN_EMPTY_BODY = YES;
				CLANG_WARN_ENUM_CONVERSION = YES;
				CLANG_WARN_INFINITE_RECURSION = YES;
				CLANG_WARN_INT_CONVERSION = YES;
				CLANG_WARN_NON_LITERAL_NULL_CONVERSION = YES;
				CLANG_WARN_OBJC_IMPLICIT_RETAIN_SELF = YES;
				CLANG_WARN_OBJC_LITERAL_CONVERSION = YES;
				CLANG_WARN_OBJC_ROOT_CLASS = YES_ERROR;
				CLANG_WARN_QUOTED_INCLUDE_IN_FRAMEWORK_HEADER = YES;
				CLANG_WARN_RANGE_LOOP_ANALYSIS = YES;
				CLANG_WARN_STRICT_PROTOTYPES = YES;
				CLANG_WARN_SUSPICIOUS_MOVE = YES;
				CLANG_WARN_UNREACHABLE_CODE = YES;
				CLANG_WARN__DUPLICATE_METHOD_MATCH = YES;
				"CODE_SIGN_IDENTITY[sdk=iphoneos*]" = "iPhone Developer";
				COPY_PHASE_STRIP = NO;
				DEBUG_INFORMATION_FORMAT = "dwarf-with-dsym";
				ENABLE_NS_ASSERTIONS = NO;
				ENABLE_STRICT_OBJC_MSGSEND = YES;
				GCC_C_LANGUAGE_STANDARD = gnu99;
				GCC_NO_COMMON_BLOCKS = YES;
				GCC_WARN_64_TO_32_BIT_CONVERSION = YES;
				GCC_WARN_ABOUT_RETURN_TYPE = YES_ERROR;
				GCC_WARN_UNDECLARED_SELECTOR = YES;
				GCC_WARN_UNINITIALIZED_AUTOS = YES_AGGRESSIVE;
				GCC_WARN_UNUSED_FUNCTION = YES;
				GCC_WARN_UNUSED_VARIABLE = YES;
				IPHONEOS_DEPLOYMENT_TARGET = 12.0;
				MTL_ENABLE_DEBUG_INFO = NO;
				SDKROOT = iphoneos;
				SWIFT_OPTIMIZATION_LEVEL = "-Owholemodule";
				VALIDATE_PRODUCT = YES;
			};
			name = Release;
		};
		607FACF01AFB9204008FA782 /* Debug */ = {
			isa = XCBuildConfiguration;
			baseConfigurationReference = 6E22C8815738A60B4B98CC1E /* Pods-DawnTransition_Example.debug.xcconfig */;
			buildSettings = {
				ASSETCATALOG_COMPILER_APPICON_NAME = AppIcon;
				CLANG_ENABLE_MODULES = YES;
				DEVELOPMENT_TEAM = VT73DARZRD;
				INFOPLIST_FILE = DawnTransition/Info.plist;
				IPHONEOS_DEPLOYMENT_TARGET = 12.0;
				LD_RUNPATH_SEARCH_PATHS = "$(inherited) @executable_path/Frameworks";
				MODULE_NAME = ExampleApp;
				PRODUCT_BUNDLE_IDENTIFIER = "org.cocoapods.demo.$(PRODUCT_NAME:rfc1034identifier)";
				PRODUCT_NAME = "$(TARGET_NAME)";
				SWIFT_OBJC_BRIDGING_HEADER = "DawnTransition/Layout/DawnTransition_Example-Bridging-Header.h";
				SWIFT_OPTIMIZATION_LEVEL = "-Onone";
				SWIFT_SWIFT3_OBJC_INFERENCE = Default;
				SWIFT_VERSION = 5.0;
			};
			name = Debug;
		};
		607FACF11AFB9204008FA782 /* Release */ = {
			isa = XCBuildConfiguration;
			baseConfigurationReference = 2256BED02C5ED6DB470F85A6 /* Pods-DawnTransition_Example.release.xcconfig */;
			buildSettings = {
				ASSETCATALOG_COMPILER_APPICON_NAME = AppIcon;
				CLANG_ENABLE_MODULES = YES;
				DEVELOPMENT_TEAM = VT73DARZRD;
				INFOPLIST_FILE = DawnTransition/Info.plist;
				IPHONEOS_DEPLOYMENT_TARGET = 12.0;
				LD_RUNPATH_SEARCH_PATHS = "$(inherited) @executable_path/Frameworks";
				MODULE_NAME = ExampleApp;
				PRODUCT_BUNDLE_IDENTIFIER = "org.cocoapods.demo.$(PRODUCT_NAME:rfc1034identifier)";
				PRODUCT_NAME = "$(TARGET_NAME)";
				SWIFT_OBJC_BRIDGING_HEADER = "DawnTransition/Layout/DawnTransition_Example-Bridging-Header.h";
				SWIFT_SWIFT3_OBJC_INFERENCE = Default;
				SWIFT_VERSION = 5.0;
			};
			name = Release;
		};
		607FACF31AFB9204008FA782 /* Debug */ = {
			isa = XCBuildConfiguration;
			baseConfigurationReference = 04E9FFF63D52BF9EB4692647 /* Pods-DawnTransition_Tests.debug.xcconfig */;
			buildSettings = {
				DEVELOPMENT_TEAM = VT73DARZRD;
				FRAMEWORK_SEARCH_PATHS = (
					"$(PLATFORM_DIR)/Developer/Library/Frameworks",
					"$(inherited)",
				);
				GCC_PREPROCESSOR_DEFINITIONS = (
					"DEBUG=1",
					"$(inherited)",
				);
				INFOPLIST_FILE = Tests/Info.plist;
				LD_RUNPATH_SEARCH_PATHS = "$(inherited) @executable_path/Frameworks @loader_path/Frameworks";
				PRODUCT_BUNDLE_IDENTIFIER = "org.cocoapods.$(PRODUCT_NAME:rfc1034identifier)";
				PRODUCT_NAME = "$(TARGET_NAME)";
				SWIFT_SWIFT3_OBJC_INFERENCE = Default;
				SWIFT_VERSION = 5.0;
				TEST_HOST = "$(BUILT_PRODUCTS_DIR)/DawnTransition_Example.app/DawnTransition_Example";
			};
			name = Debug;
		};
		607FACF41AFB9204008FA782 /* Release */ = {
			isa = XCBuildConfiguration;
			baseConfigurationReference = 6B19E8E8DC9B20BD9BBFCC0A /* Pods-DawnTransition_Tests.release.xcconfig */;
			buildSettings = {
				DEVELOPMENT_TEAM = VT73DARZRD;
				FRAMEWORK_SEARCH_PATHS = (
					"$(PLATFORM_DIR)/Developer/Library/Frameworks",
					"$(inherited)",
				);
				INFOPLIST_FILE = Tests/Info.plist;
				LD_RUNPATH_SEARCH_PATHS = "$(inherited) @executable_path/Frameworks @loader_path/Frameworks";
				PRODUCT_BUNDLE_IDENTIFIER = "org.cocoapods.$(PRODUCT_NAME:rfc1034identifier)";
				PRODUCT_NAME = "$(TARGET_NAME)";
				SWIFT_SWIFT3_OBJC_INFERENCE = Default;
				SWIFT_VERSION = 5.0;
				TEST_HOST = "$(BUILT_PRODUCTS_DIR)/DawnTransition_Example.app/DawnTransition_Example";
			};
			name = Release;
		};
/* End XCBuildConfiguration section */

/* Begin XCConfigurationList section */
		607FACCB1AFB9204008FA782 /* Build configuration list for PBXProject "DawnTransition" */ = {
			isa = XCConfigurationList;
			buildConfigurations = (
				607FACED1AFB9204008FA782 /* Debug */,
				607FACEE1AFB9204008FA782 /* Release */,
			);
			defaultConfigurationIsVisible = 0;
			defaultConfigurationName = Release;
		};
		607FACEF1AFB9204008FA782 /* Build configuration list for PBXNativeTarget "DawnTransition_Example" */ = {
			isa = XCConfigurationList;
			buildConfigurations = (
				607FACF01AFB9204008FA782 /* Debug */,
				607FACF11AFB9204008FA782 /* Release */,
			);
			defaultConfigurationIsVisible = 0;
			defaultConfigurationName = Release;
		};
		607FACF21AFB9204008FA782 /* Build configuration list for PBXNativeTarget "DawnTransition_Tests" */ = {
			isa = XCConfigurationList;
			buildConfigurations = (
				607FACF31AFB9204008FA782 /* Debug */,
				607FACF41AFB9204008FA782 /* Release */,
			);
			defaultConfigurationIsVisible = 0;
			defaultConfigurationName = Release;
		};
/* End XCConfigurationList section */
	};
	rootObject = 607FACC81AFB9204008FA782 /* Project object */;
}
